
Microsoft Visual Studio Solution File, Format Version 12.00
# Visual Studio 15
VisualStudioVersion = 15.0.28307.1800
MinimumVisualStudioVersion = 10.0.40219.1
Project("{F184B08F-C81C-45F6-A57F-5ABD9991F28F}") = "Projeto - 01", "Projeto - 01\Projeto - 01.vbproj", "{C254D998-54A0-4118-9D45-146E943BF401}"
EndProject
Global
	GlobalSection(SolutionConfigurationPlatforms) = preSolution
		Debug|Any CPU = Debug|Any CPU
		Release|Any CPU = Release|Any CPU
	EndGlobalSection
	GlobalSection(ProjectConfigurationPlatforms) = postSolution
		{C254D998-54A0-4118-9D45-146E943BF401}.Debug|Any CPU.ActiveCfg = Debug|Any CPU
		{C254D998-54A0-4118-9D45-146E943BF401}.Debug|Any CPU.Build.0 = Debug|Any CPU
		{C254D998-54A0-4118-9D45-146E943BF401}.Release|Any CPU.ActiveCfg = Release|Any CPU
		{C254D998-54A0-4118-9D45-146E943BF401}.Release|Any CPU.Build.0 = Release|Any CPU
	EndGlobalSection
	GlobalSection(SolutionProperties) = preSolution
		HideSolutionNode = FALSE
	EndGlobalSection
	GlobalSection(ExtensibilityGlobals) = postSolution
		SolutionGuid = {5355FCE0-FEA7-4D2F-AAEA-0B08A0259C23}
	EndGlobalSection
EndGlobal
